
Microsoft Visual Studio Solution File, Format Version 12.00
# Visual Studio Version 17
VisualStudioVersion = 17.8.34525.116
MinimumVisualStudioVersion = 10.0.40219.1
Project("{9A19103F-16F7-4668-BE54-9A1E7A4F7556}") = "Scarpe", "Scarpe.csproj", "{2778248C-76FD-4AA6-946C-97E7FDA9CA77}"
EndProject
Global
	GlobalSection(SolutionConfigurationPlatforms) = preSolution
		Debug|Any CPU = Debug|Any CPU
		Release|Any CPU = Release|Any CPU
	EndGlobalSection
	GlobalSection(ProjectConfigurationPlatforms) = postSolution
		{2778248C-76FD-4AA6-946C-97E7FDA9CA77}.Debug|Any CPU.ActiveCfg = Debug|Any CPU
		{2778248C-76FD-4AA6-946C-97E7FDA9CA77}.Debug|Any CPU.Build.0 = Debug|Any CPU
		{2778248C-76FD-4AA6-946C-97E7FDA9CA77}.Release|Any CPU.ActiveCfg = Release|Any CPU
		{2778248C-76FD-4AA6-946C-97E7FDA9CA77}.Release|Any CPU.Build.0 = Release|Any CPU
	EndGlobalSection
	GlobalSection(SolutionProperties) = preSolution
		HideSolutionNode = FALSE
	EndGlobalSection
	GlobalSection(ExtensibilityGlobals) = postSolution
		SolutionGuid = {0F9C72F8-FD70-48DB-B510-97F1F5FCBBC7}
	EndGlobalSection
EndGlobal
